
Microsoft Visual Studio Solution File, Format Version 12.00
# Visual Studio Version 17
VisualStudioVersion = 17.0.31606.5
MinimumVisualStudioVersion = 15.0.26124.0
Project("{9A19103F-16F7-4668-BE54-9A1E7A4F7556}") = "WeatherForecastProxyService", "WeatherForecastProxyService\WeatherForecastProxyService.csproj", "{10F708CB-CF3C-49BA-AF69-1728E914A900}"
	ProjectSection(ProjectDependencies) = postProject
		{C1487AD1-9F20-4980-9DB0-07BEA8F0E130} = {C1487AD1-9F20-4980-9DB0-07BEA8F0E130}
	EndProjectSection
EndProject
Project("{9A19103F-16F7-4668-BE54-9A1E7A4F7556}") = "WeatherForecastService", "WeatherForecastService\WeatherForecastService.csproj", "{C1487AD1-9F20-4980-9DB0-07BEA8F0E130}"
EndProject
Global
	GlobalSection(SolutionConfigurationPlatforms) = preSolution
		Debug|Any CPU = Debug|Any CPU
		Debug|x64 = Debug|x64
		Debug|x86 = Debug|x86
		Release|Any CPU = Release|Any CPU
		Release|x64 = Release|x64
		Release|x86 = Release|x86
	EndGlobalSection
	GlobalSection(ProjectConfigurationPlatforms) = postSolution
		{10F708CB-CF3C-49BA-AF69-1728E914A900}.Debug|Any CPU.ActiveCfg = Debug|Any CPU
		{10F708CB-CF3C-49BA-AF69-1728E914A900}.Debug|Any CPU.Build.0 = Debug|Any CPU
		{10F708CB-CF3C-49BA-AF69-1728E914A900}.Debug|x64.ActiveCfg = Debug|Any CPU
		{10F708CB-CF3C-49BA-AF69-1728E914A900}.Debug|x64.Build.0 = Debug|Any CPU
		{10F708CB-CF3C-49BA-AF69-1728E914A900}.Debug|x86.ActiveCfg = Debug|Any CPU
		{10F708CB-CF3C-49BA-AF69-1728E914A900}.Debug|x86.Build.0 = Debug|Any CPU
		{10F708CB-CF3C-49BA-AF69-1728E914A900}.Release|Any CPU.ActiveCfg = Release|Any CPU
		{10F708CB-CF3C-49BA-AF69-1728E914A900}.Release|Any CPU.Build.0 = Release|Any CPU
		{10F708CB-CF3C-49BA-AF69-1728E914A900}.Release|x64.ActiveCfg = Release|Any CPU
		{10F708CB-CF3C-49BA-AF69-1728E914A900}.Release|x64.Build.0 = Release|Any CPU
		{10F708CB-CF3C-49BA-AF69-1728E914A900}.Release|x86.ActiveCfg = Release|Any CPU
		{10F708CB-CF3C-49BA-AF69-1728E914A900}.Release|x86.Build.0 = Release|Any CPU
		{C1487AD1-9F20-4980-9DB0-07BEA8F0E130}.Debug|Any CPU.ActiveCfg = Debug|Any CPU
		{C1487AD1-9F20-4980-9DB0-07BEA8F0E130}.Debug|Any CPU.Build.0 = Debug|Any CPU
		{C1487AD1-9F20-4980-9DB0-07BEA8F0E130}.Debug|x64.ActiveCfg = Debug|Any CPU
		{C1487AD1-9F20-4980-9DB0-07BEA8F0E130}.Debug|x64.Build.0 = Debug|Any CPU
		{C1487AD1-9F20-4980-9DB0-07BEA8F0E130}.Debug|x86.ActiveCfg = Debug|Any CPU
		{C1487AD1-9F20-4980-9DB0-07BEA8F0E130}.Debug|x86.Build.0 = Debug|Any CPU
		{C1487AD1-9F20-4980-9DB0-07BEA8F0E130}.Release|Any CPU.ActiveCfg = Release|Any CPU
		{C1487AD1-9F20-4980-9DB0-07BEA8F0E130}.Release|Any CPU.Build.0 = Release|Any CPU
		{C1487AD1-9F20-4980-9DB0-07BEA8F0E130}.Release|x64.ActiveCfg = Release|Any CPU
		{C1487AD1-9F20-4980-9DB0-07BEA8F0E130}.Release|x64.Build.0 = Release|Any CPU
		{C1487AD1-9F20-4980-9DB0-07BEA8F0E130}.Release|x86.ActiveCfg = Release|Any CPU
		{C1487AD1-9F20-4980-9DB0-07BEA8F0E130}.Release|x86.Build.0 = Release|Any CPU
	EndGlobalSection
	GlobalSection(SolutionProperties) = preSolution
		HideSolutionNode = FALSE
	EndGlobalSection
	GlobalSection(ExtensibilityGlobals) = postSolution
		SolutionGuid = {6D46C0F0-46AF-4A2F-878B-E1ADA3F5BA84}
	EndGlobalSection
EndGlobal
