
Microsoft Visual Studio Solution File, Format Version 12.00
# Visual Studio Version 16
VisualStudioVersion = 16.0.31702.278
MinimumVisualStudioVersion = 10.0.40219.1
Project("{9A19103F-16F7-4668-BE54-9A1E7A4F7556}") = "GrpcServiceSample", "GrpcServiceSample.csproj", "{A392877B-6DE0-4E5A-AAD8-DA87B8526C8C}"
EndProject
Global
	GlobalSection(SolutionConfigurationPlatforms) = preSolution
		Debug|Any CPU = Debug|Any CPU
		Release|Any CPU = Release|Any CPU
	EndGlobalSection
	GlobalSection(ProjectConfigurationPlatforms) = postSolution
		{A392877B-6DE0-4E5A-AAD8-DA87B8526C8C}.Debug|Any CPU.ActiveCfg = Debug|Any CPU
		{A392877B-6DE0-4E5A-AAD8-DA87B8526C8C}.Debug|Any CPU.Build.0 = Debug|Any CPU
		{A392877B-6DE0-4E5A-AAD8-DA87B8526C8C}.Release|Any CPU.ActiveCfg = Release|Any CPU
		{A392877B-6DE0-4E5A-AAD8-DA87B8526C8C}.Release|Any CPU.Build.0 = Release|Any CPU
	EndGlobalSection
	GlobalSection(SolutionProperties) = preSolution
		HideSolutionNode = FALSE
	EndGlobalSection
	GlobalSection(ExtensibilityGlobals) = postSolution
		SolutionGuid = {DE58553D-436A-4D10-BCF7-7EEAFABE5879}
	EndGlobalSection
EndGlobal
