
Microsoft Visual Studio Solution File, Format Version 12.00
# Visual Studio Version 17
VisualStudioVersion = 17.0.31521.260
MinimumVisualStudioVersion = 10.0.40219.1
Project("{9A19103F-16F7-4668-BE54-9A1E7A4F7556}") = "BingingApi", "BingingApi.csproj", "{8745FCB9-0592-4DB7-B67B-266A55702A3C}"
EndProject
Global
	GlobalSection(SolutionConfigurationPlatforms) = preSolution
		Debug|Any CPU = Debug|Any CPU
		Release|Any CPU = Release|Any CPU
	EndGlobalSection
	GlobalSection(ProjectConfigurationPlatforms) = postSolution
		{8745FCB9-0592-4DB7-B67B-266A55702A3C}.Debug|Any CPU.ActiveCfg = Debug|Any CPU
		{8745FCB9-0592-4DB7-B67B-266A55702A3C}.Debug|Any CPU.Build.0 = Debug|Any CPU
		{8745FCB9-0592-4DB7-B67B-266A55702A3C}.Release|Any CPU.ActiveCfg = Release|Any CPU
		{8745FCB9-0592-4DB7-B67B-266A55702A3C}.Release|Any CPU.Build.0 = Release|Any CPU
	EndGlobalSection
	GlobalSection(SolutionProperties) = preSolution
		HideSolutionNode = FALSE
	EndGlobalSection
	GlobalSection(ExtensibilityGlobals) = postSolution
		SolutionGuid = {0B6CA171-FD22-42A8-85E8-54B8C5DC0747}
	EndGlobalSection
EndGlobal
